
Microsoft Visual Studio Solution File, Format Version 12.00
# Visual Studio 11
Project("{FAE04EC0-301F-11D3-BF4B-00C04F79EFBC}") = "Diagramus", "Diagramus\Diagramus.csproj", "{6AFF033E-CDB0-43A9-9AA5-7B1698341E81}"
EndProject
Project("{FAE04EC0-301F-11D3-BF4B-00C04F79EFBC}") = "Diagramus.Tests", "Diagramus.Tests\Diagramus.Tests.csproj", "{001C3D3B-F2B2-4F2D-8FEE-207BE2648F12}"
EndProject
Global
	GlobalSection(SolutionConfigurationPlatforms) = preSolution
		Debug|Any CPU = Debug|Any CPU
		Release|Any CPU = Release|Any CPU
	EndGlobalSection
	GlobalSection(ProjectConfigurationPlatforms) = postSolution
		{001C3D3B-F2B2-4F2D-8FEE-207BE2648F12}.Debug|Any CPU.ActiveCfg = Debug|Any CPU
		{001C3D3B-F2B2-4F2D-8FEE-207BE2648F12}.Debug|Any CPU.Build.0 = Debug|Any CPU
		{001C3D3B-F2B2-4F2D-8FEE-207BE2648F12}.Release|Any CPU.ActiveCfg = Release|Any CPU
		{001C3D3B-F2B2-4F2D-8FEE-207BE2648F12}.Release|Any CPU.Build.0 = Release|Any CPU
		{6AFF033E-CDB0-43A9-9AA5-7B1698341E81}.Debug|Any CPU.ActiveCfg = Debug|Any CPU
		{6AFF033E-CDB0-43A9-9AA5-7B1698341E81}.Debug|Any CPU.Build.0 = Debug|Any CPU
		{6AFF033E-CDB0-43A9-9AA5-7B1698341E81}.Release|Any CPU.ActiveCfg = Release|Any CPU
		{6AFF033E-CDB0-43A9-9AA5-7B1698341E81}.Release|Any CPU.Build.0 = Release|Any CPU
	EndGlobalSection
	GlobalSection(SolutionProperties) = preSolution
		HideSolutionNode = FALSE
	EndGlobalSection
EndGlobal
